
Microsoft Visual Studio Solution File, Format Version 12.00
# Visual Studio 15
VisualStudioVersion = 15.0.28307.271
MinimumVisualStudioVersion = 10.0.40219.1
Project("{FAE04EC0-301F-11D3-BF4B-00C04F79EFBC}") = "PrizeDraw.Logic", "PrizeDraw.Logic\PrizeDraw.Logic.csproj", "{620DBAC6-4313-415A-987B-E4536479485F}"
EndProject
Project("{FAE04EC0-301F-11D3-BF4B-00C04F79EFBC}") = "PrizeDraw.Tests", "PrizeDraw.Tests\PrizeDraw.Tests.csproj", "{3F38EAC1-032E-45E6-9BBC-5BDF6135BA14}"
EndProject
Global
	GlobalSection(SolutionConfigurationPlatforms) = preSolution
		Debug|Any CPU = Debug|Any CPU
		Release|Any CPU = Release|Any CPU
	EndGlobalSection
	GlobalSection(ProjectConfigurationPlatforms) = postSolution
		{620DBAC6-4313-415A-987B-E4536479485F}.Debug|Any CPU.ActiveCfg = Debug|Any CPU
		{620DBAC6-4313-415A-987B-E4536479485F}.Debug|Any CPU.Build.0 = Debug|Any CPU
		{620DBAC6-4313-415A-987B-E4536479485F}.Release|Any CPU.ActiveCfg = Release|Any CPU
		{620DBAC6-4313-415A-987B-E4536479485F}.Release|Any CPU.Build.0 = Release|Any CPU
		{3F38EAC1-032E-45E6-9BBC-5BDF6135BA14}.Debug|Any CPU.ActiveCfg = Debug|Any CPU
		{3F38EAC1-032E-45E6-9BBC-5BDF6135BA14}.Debug|Any CPU.Build.0 = Debug|Any CPU
		{3F38EAC1-032E-45E6-9BBC-5BDF6135BA14}.Release|Any CPU.ActiveCfg = Release|Any CPU
		{3F38EAC1-032E-45E6-9BBC-5BDF6135BA14}.Release|Any CPU.Build.0 = Release|Any CPU
	EndGlobalSection
	GlobalSection(SolutionProperties) = preSolution
		HideSolutionNode = FALSE
	EndGlobalSection
	GlobalSection(ExtensibilityGlobals) = postSolution
		SolutionGuid = {C1D4BE28-FBDC-41A1-84DF-1EF6295F1F58}
	EndGlobalSection
EndGlobal
